
Microsoft Visual Studio Solution File, Format Version 12.00
# Visual Studio 15
VisualStudioVersion = 15.0.28307.106
MinimumVisualStudioVersion = 10.0.40219.1
Project("{FAE04EC0-301F-11D3-BF4B-00C04F79EFBC}") = "MarkdownDocumenting", "MarkdownDocumenting\MarkdownDocumenting.csproj", "{6E4987E2-E329-4E47-BD14-F44AACD73666}"
EndProject
Project("{FAE04EC0-301F-11D3-BF4B-00C04F79EFBC}") = "MarkdownDocumenting.Web", "MarkdownDocumenting.Web\MarkdownDocumenting.Web.csproj", "{6C869E80-E9EF-4DE2-84F4-D944F42CB614}"
EndProject
Project("{2150E333-8FDC-42A3-9474-1A3956D46DE8}") = "Solution Items", "Solution Items", "{B68E8260-2003-4F85-AD67-81EBDA1643E3}"
	ProjectSection(SolutionItems) = preProject
		README.MD = README.MD
		images\screen_00.PNG = images\screen_00.PNG
		images\screen_01.PNG = images\screen_01.PNG
	EndProjectSection
EndProject
Global
	GlobalSection(SolutionConfigurationPlatforms) = preSolution
		Debug|Any CPU = Debug|Any CPU
		Release|Any CPU = Release|Any CPU
	EndGlobalSection
	GlobalSection(ProjectConfigurationPlatforms) = postSolution
		{6E4987E2-E329-4E47-BD14-F44AACD73666}.Debug|Any CPU.ActiveCfg = Debug|Any CPU
		{6E4987E2-E329-4E47-BD14-F44AACD73666}.Debug|Any CPU.Build.0 = Debug|Any CPU
		{6E4987E2-E329-4E47-BD14-F44AACD73666}.Release|Any CPU.ActiveCfg = Release|Any CPU
		{6E4987E2-E329-4E47-BD14-F44AACD73666}.Release|Any CPU.Build.0 = Release|Any CPU
		{6C869E80-E9EF-4DE2-84F4-D944F42CB614}.Debug|Any CPU.ActiveCfg = Debug|Any CPU
		{6C869E80-E9EF-4DE2-84F4-D944F42CB614}.Debug|Any CPU.Build.0 = Debug|Any CPU
		{6C869E80-E9EF-4DE2-84F4-D944F42CB614}.Release|Any CPU.ActiveCfg = Release|Any CPU
		{6C869E80-E9EF-4DE2-84F4-D944F42CB614}.Release|Any CPU.Build.0 = Release|Any CPU
	EndGlobalSection
	GlobalSection(SolutionProperties) = preSolution
		HideSolutionNode = FALSE
	EndGlobalSection
	GlobalSection(ExtensibilityGlobals) = postSolution
		SolutionGuid = {98455282-5709-412C-A819-4FAEEEBB833B}
	EndGlobalSection
EndGlobal
